
Microsoft Visual Studio Solution File, Format Version 12.00
# Visual Studio Version 17
VisualStudioVersion = 17.7.34024.191
MinimumVisualStudioVersion = 10.0.40219.1
Project("{FAE04EC0-301F-11D3-BF4B-00C04F79EFBC}") = "Problem-12", "Problem-12.csproj", "{4F442BBC-34AA-4D29-AA6D-CB8B7021CBA1}"
EndProject
Global
	GlobalSection(SolutionConfigurationPlatforms) = preSolution
		Debug|Any CPU = Debug|Any CPU
		Release|Any CPU = Release|Any CPU
	EndGlobalSection
	GlobalSection(ProjectConfigurationPlatforms) = postSolution
		{4F442BBC-34AA-4D29-AA6D-CB8B7021CBA1}.Debug|Any CPU.ActiveCfg = Debug|Any CPU
		{4F442BBC-34AA-4D29-AA6D-CB8B7021CBA1}.Debug|Any CPU.Build.0 = Debug|Any CPU
		{4F442BBC-34AA-4D29-AA6D-CB8B7021CBA1}.Release|Any CPU.ActiveCfg = Release|Any CPU
		{4F442BBC-34AA-4D29-AA6D-CB8B7021CBA1}.Release|Any CPU.Build.0 = Release|Any CPU
	EndGlobalSection
	GlobalSection(SolutionProperties) = preSolution
		HideSolutionNode = FALSE
	EndGlobalSection
	GlobalSection(ExtensibilityGlobals) = postSolution
		SolutionGuid = {450A0B6C-AB92-4862-B3B7-50105E2DF6C1}
	EndGlobalSection
EndGlobal
